### YamlMime:TSType
name: LineDiffBlock
uid: azure-devops-extension-api.LineDiffBlock
package: azure-devops-extension-api
summary: The class to represent the line diff block
fullName: LineDiffBlock
remarks: ''
isPreview: false
isDeprecated: false
type: interface
properties:
  - name: changeType
    uid: azure-devops-extension-api.LineDiffBlock.changeType
    package: azure-devops-extension-api
    summary: Type of change that was made to the block.
    fullName: changeType
    remarks: ''
    isPreview: false
    isDeprecated: false
    syntax:
      content: 'changeType: LineDiffBlockChangeType'
      return:
        description: ''
        type: <xref uid="azure-devops-extension-api.LineDiffBlockChangeType" />
  - name: modifiedLineNumberStart
    uid: azure-devops-extension-api.LineDiffBlock.modifiedLineNumberStart
    package: azure-devops-extension-api
    summary: Line number where this block starts in modified file.
    fullName: modifiedLineNumberStart
    remarks: ''
    isPreview: false
    isDeprecated: false
    syntax:
      content: 'modifiedLineNumberStart: number'
      return:
        description: ''
        type: number
  - name: modifiedLinesCount
    uid: azure-devops-extension-api.LineDiffBlock.modifiedLinesCount
    package: azure-devops-extension-api
    summary: Count of lines in this block in modified file.
    fullName: modifiedLinesCount
    remarks: ''
    isPreview: false
    isDeprecated: false
    syntax:
      content: 'modifiedLinesCount: number'
      return:
        description: ''
        type: number
  - name: originalLineNumberStart
    uid: azure-devops-extension-api.LineDiffBlock.originalLineNumberStart
    package: azure-devops-extension-api
    summary: Line number where this block starts in original file.
    fullName: originalLineNumberStart
    remarks: ''
    isPreview: false
    isDeprecated: false
    syntax:
      content: 'originalLineNumberStart: number'
      return:
        description: ''
        type: number
  - name: originalLinesCount
    uid: azure-devops-extension-api.LineDiffBlock.originalLinesCount
    package: azure-devops-extension-api
    summary: Count of lines in this block in original file.
    fullName: originalLinesCount
    remarks: ''
    isPreview: false
    isDeprecated: false
    syntax:
      content: 'originalLinesCount: number'
      return:
        description: ''
        type: number
