### YamlMime:UniversalReference
items:
  - uid: azure-devops-extension-api.LineDiffBlock
    name: LineDiffBlock
    fullName: LineDiffBlock
    children:
      - azure-devops-extension-api.LineDiffBlock.changeType
      - azure-devops-extension-api.LineDiffBlock.modifiedLineNumberStart
      - azure-devops-extension-api.LineDiffBlock.modifiedLinesCount
      - azure-devops-extension-api.LineDiffBlock.originalLineNumberStart
      - azure-devops-extension-api.LineDiffBlock.originalLinesCount
    langs:
      - typeScript
    type: interface
    summary: The class to represent the line diff block
    package: azure-devops-extension-api
  - uid: azure-devops-extension-api.LineDiffBlock.changeType
    name: changeType
    fullName: changeType
    children: []
    langs:
      - typeScript
    type: property
    summary: Type of change that was made to the block.
    syntax:
      content: 'changeType: LineDiffBlockChangeType'
      return:
        type:
          - azure-devops-extension-api.LineDiffBlockChangeType
    package: azure-devops-extension-api
  - uid: azure-devops-extension-api.LineDiffBlock.modifiedLineNumberStart
    name: modifiedLineNumberStart
    fullName: modifiedLineNumberStart
    children: []
    langs:
      - typeScript
    type: property
    summary: Line number where this block starts in modified file.
    syntax:
      content: 'modifiedLineNumberStart: number'
      return:
        type:
          - number
    package: azure-devops-extension-api
  - uid: azure-devops-extension-api.LineDiffBlock.modifiedLinesCount
    name: modifiedLinesCount
    fullName: modifiedLinesCount
    children: []
    langs:
      - typeScript
    type: property
    summary: Count of lines in this block in modified file.
    syntax:
      content: 'modifiedLinesCount: number'
      return:
        type:
          - number
    package: azure-devops-extension-api
  - uid: azure-devops-extension-api.LineDiffBlock.originalLineNumberStart
    name: originalLineNumberStart
    fullName: originalLineNumberStart
    children: []
    langs:
      - typeScript
    type: property
    summary: Line number where this block starts in original file.
    syntax:
      content: 'originalLineNumberStart: number'
      return:
        type:
          - number
    package: azure-devops-extension-api
  - uid: azure-devops-extension-api.LineDiffBlock.originalLinesCount
    name: originalLinesCount
    fullName: originalLinesCount
    children: []
    langs:
      - typeScript
    type: property
    summary: Count of lines in this block in original file.
    syntax:
      content: 'originalLinesCount: number'
      return:
        type:
          - number
    package: azure-devops-extension-api
references:
  - uid: azure-devops-extension-api.LineDiffBlockChangeType
    name: LineDiffBlockChangeType
    spec.typeScript:
      - name: LineDiffBlockChangeType
        fullName: LineDiffBlockChangeType
        uid: azure-devops-extension-api.LineDiffBlockChangeType
